// !$*UTF8*$!
{
	archiveVersion = 1;
	classes = {
	};
	objectVersion = 50;
	objects = {

/* Begin PBXBuildFile section */
		54637577217EC1180004612E /* AppDelegate.swift in Sources */ = {isa = PBXBuildFile; fileRef = 54637576217EC1180004612E /* AppDelegate.swift */; };
		54637579217EC1180004612E /* ViewController.swift in Sources */ = {isa = PBXBuildFile; fileRef = 54637578217EC1180004612E /* ViewController.swift */; };
		5463757C217EC1180004612E /* Main.storyboard in Resources */ = {isa = PBXBuildFile; fileRef = 5463757A217EC1180004612E /* Main.storyboard */; };
		5463757E217EC1180004612E /* Assets.xcassets in Resources */ = {isa = PBXBuildFile; fileRef = 5463757D217EC1180004612E /* Assets.xcassets */; };
		54637581217EC1180004612E /* LaunchScreen.storyboard in Resources */ = {isa = PBXBuildFile; fileRef = 5463757F217EC1180004612E /* LaunchScreen.storyboard */; };
		5463758F217EC1E80004612E /* KeyboardViewController.swift in Sources */ = {isa = PBXBuildFile; fileRef = 5463758E217EC1E80004612E /* KeyboardViewController.swift */; };
		54637593217EC1E80004612E /* dotInputKeyboard.appex in Embed App Extensions */ = {isa = PBXBuildFile; fileRef = 5463758C217EC1E80004612E /* dotInputKeyboard.appex */; settings = {ATTRIBUTES = (RemoveHeadersOnCopy, ); }; };
/* End PBXBuildFile section */

/* Begin PBXContainerItemProxy section */
		54637591217EC1E80004612E /* PBXContainerItemProxy */ = {
			isa = PBXContainerItemProxy;
			containerPortal = 5463756B217EC1180004612E /* Project object */;
			proxyType = 1;
			remoteGlobalIDString = 5463758B217EC1E80004612E;
			remoteInfo = dotInputKeyboard;
		};
/* End PBXContainerItemProxy section */

/* Begin PBXCopyFilesBuildPhase section */
		54637597217EC1E80004612E /* Embed App Extensions */ = {
			isa = PBXCopyFilesBuildPhase;
			buildActionMask = 2147483647;
			dstPath = "";
			dstSubfolderSpec = 13;
			files = (
				54637593217EC1E80004612E /* dotInputKeyboard.appex in Embed App Extensions */,
			);
			name = "Embed App Extensions";
			runOnlyForDeploymentPostprocessing = 0;
		};
/* End PBXCopyFilesBuildPhase section */

/* Begin PBXFileReference section */
		54637573217EC1180004612E /* dotInput.app */ = {isa = PBXFileReference; explicitFileType = wrapper.application; includeInIndex = 0; path = dotInput.app; sourceTree = BUILT_PRODUCTS_DIR; };
		54637576217EC1180004612E /* AppDelegate.swift */ = {isa = PBXFileReference; lastKnownFileType = sourcecode.swift; path = AppDelegate.swift; sourceTree = "<group>"; };
		54637578217EC1180004612E /* ViewController.swift */ = {isa = PBXFileReference; lastKnownFileType = sourcecode.swift; path = ViewController.swift; sourceTree = "<group>"; };
		5463757B217EC1180004612E /* Base */ = {isa = PBXFileReference; lastKnownFileType = file.storyboard; name = Base; path = Base.lproj/Main.storyboard; sourceTree = "<group>"; };
		5463757D217EC1180004612E /* Assets.xcassets */ = {isa = PBXFileReference; lastKnownFileType = folder.assetcatalog; path = Assets.xcassets; sourceTree = "<group>"; };
		54637580217EC1180004612E /* Base */ = {isa = PBXFileReference; lastKnownFileType = file.storyboard; name = Base; path = Base.lproj/LaunchScreen.storyboard; sourceTree = "<group>"; };
		54637582217EC1180004612E /* Info.plist */ = {isa = PBXFileReference; lastKnownFileType = text.plist.xml; path = Info.plist; sourceTree = "<group>"; };
		5463758C217EC1E80004612E /* dotInputKeyboard.appex */ = {isa = PBXFileReference; explicitFileType = "wrapper.app-extension"; includeInIndex = 0; path = dotInputKeyboard.appex; sourceTree = BUILT_PRODUCTS_DIR; };
		5463758E217EC1E80004612E /* KeyboardViewController.swift */ = {isa = PBXFileReference; lastKnownFileType = sourcecode.swift; path = KeyboardViewController.swift; sourceTree = "<group>"; };
		54637590217EC1E80004612E /* Info.plist */ = {isa = PBXFileReference; lastKnownFileType = text.plist.xml; path = Info.plist; sourceTree = "<group>"; };
/* End PBXFileReference section */

/* Begin PBXFrameworksBuildPhase section */
		54637570217EC1180004612E /* Frameworks */ = {
			isa = PBXFrameworksBuildPhase;
			buildActionMask = 2147483647;
			files = (
			);
			runOnlyForDeploymentPostprocessing = 0;
		};
		54637589217EC1E80004612E /* Frameworks */ = {
			isa = PBXFrameworksBuildPhase;
			buildActionMask = 2147483647;
			files = (
			);
			runOnlyForDeploymentPostprocessing = 0;
		};
/* End PBXFrameworksBuildPhase section */

/* Begin PBXGroup section */
		5463756A217EC1180004612E = {
			isa = PBXGroup;
			children = (
				54637575217EC1180004612E /* dotInput */,
				5463758D217EC1E80004612E /* dotInputKeyboard */,
				54637574217EC1180004612E /* Products */,
			);
			sourceTree = "<group>";
		};
		54637574217EC1180004612E /* Products */ = {
			isa = PBXGroup;
			children = (
				54637573217EC1180004612E /* dotInput.app */,
				5463758C217EC1E80004612E /* dotInputKeyboard.appex */,
			);
			name = Products;
			sourceTree = "<group>";
		};
		54637575217EC1180004612E /* dotInput */ = {
			isa = PBXGroup;
			children = (
				54637576217EC1180004612E /* AppDelegate.swift */,
				54637578217EC1180004612E /* ViewController.swift */,
				5463757A217EC1180004612E /* Main.storyboard */,
				5463757D217EC1180004612E /* Assets.xcassets */,
				5463757F217EC1180004612E /* LaunchScreen.storyboard */,
				54637582217EC1180004612E /* Info.plist */,
			);
			path = dotInput;
			sourceTree = "<group>";
		};
		5463758D217EC1E80004612E /* dotInputKeyboard */ = {
			isa = PBXGroup;
			children = (
				5463758E217EC1E80004612E /* KeyboardViewController.swift */,
				54637590217EC1E80004612E /* Info.plist */,
			);
			path = dotInputKeyboard;
			sourceTree = "<group>";
		};
/* End PBXGroup section */

/* Begin PBXNativeTarget section */
		54637572217EC1180004612E /* dotInput */ = {
			isa = PBXNativeTarget;
			buildConfigurationList = 54637585217EC1180004612E /* Build configuration list for PBXNativeTarget "dotInput" */;
			buildPhases = (
				5463756F217EC1180004612E /* Sources */,
				54637570217EC1180004612E /* Frameworks */,
				54637571217EC1180004612E /* Resources */,
				54637597217EC1E80004612E /* Embed App Extensions */,
			);
			buildRules = (
			);
			dependencies = (
				54637592217EC1E80004612E /* PBXTargetDependency */,
			);
			name = dotInput;
			productName = dotInput;
			productReference = 54637573217EC1180004612E /* dotInput.app */;
			productType = "com.apple.product-type.application";
		};
		5463758B217EC1E80004612E /* dotInputKeyboard */ = {
			isa = PBXNativeTarget;
			buildConfigurationList = 54637594217EC1E80004612E /* Build configuration list for PBXNativeTarget "dotInputKeyboard" */;
			buildPhases = (
				54637588217EC1E80004612E /* Sources */,
				54637589217EC1E80004612E /* Frameworks */,
				5463758A217EC1E80004612E /* Resources */,
			);
			buildRules = (
			);
			dependencies = (
			);
			name = dotInputKeyboard;
			productName = dotInputKeyboard;
			productReference = 5463758C217EC1E80004612E /* dotInputKeyboard.appex */;
			productType = "com.apple.product-type.app-extension";
		};
/* End PBXNativeTarget section */

/* Begin PBXProject section */
		5463756B217EC1180004612E /* Project object */ = {
			isa = PBXProject;
			attributes = {
				LastSwiftUpdateCheck = 1000;
				LastUpgradeCheck = 1000;
				ORGANIZATIONNAME = xiezongyuan;
				TargetAttributes = {
					54637572217EC1180004612E = {
						CreatedOnToolsVersion = 10.0;
					};
					5463758B217EC1E80004612E = {
						CreatedOnToolsVersion = 10.0;
					};
				};
			};
			buildConfigurationList = 5463756E217EC1180004612E /* Build configuration list for PBXProject "dotInput" */;
			compatibilityVersion = "Xcode 9.3";
			developmentRegion = en;
			hasScannedForEncodings = 0;
			knownRegions = (
				en,
				Base,
			);
			mainGroup = 5463756A217EC1180004612E;
			productRefGroup = 54637574217EC1180004612E /* Products */;
			projectDirPath = "";
			projectRoot = "";
			targets = (
				54637572217EC1180004612E /* dotInput */,
				5463758B217EC1E80004612E /* dotInputKeyboard */,
			);
		};
/* End PBXProject section */

/* Begin PBXResourcesBuildPhase section */
		54637571217EC1180004612E /* Resources */ = {
			isa = PBXResourcesBuildPhase;
			buildActionMask = 2147483647;
			files = (
				54637581217EC1180004612E /* LaunchScreen.storyboard in Resources */,
				5463757E217EC1180004612E /* Assets.xcassets in Resources */,
				5463757C217EC1180004612E /* Main.storyboard in Resources */,
			);
			runOnlyForDeploymentPostprocessing = 0;
		};
		5463758A217EC1E80004612E /* Resources */ = {
			isa = PBXResourcesBuildPhase;
			buildActionMask = 2147483647;
			files = (
			);
			runOnlyForDeploymentPostprocessing = 0;
		};
/* End PBXResourcesBuildPhase section */

/* Begin PBXSourcesBuildPhase section */
		5463756F217EC1180004612E /* Sources */ = {
			isa = PBXSourcesBuildPhase;
			buildActionMask = 2147483647;
			files = (
				54637579217EC1180004612E /* ViewController.swift in Sources */,
				54637577217EC1180004612E /* AppDelegate.swift in Sources */,
			);
			runOnlyForDeploymentPostprocessing = 0;
		};
		54637588217EC1E80004612E /* Sources */ = {
			isa = PBXSourcesBuildPhase;
			buildActionMask = 2147483647;
			files = (
				5463758F217EC1E80004612E /* KeyboardViewController.swift in Sources */,
			);
			runOnlyForDeploymentPostprocessing = 0;
		};
/* End PBXSourcesBuildPhase section */

/* Begin PBXTargetDependency section */
		54637592217EC1E80004612E /* PBXTargetDependency */ = {
			isa = PBXTargetDependency;
			target = 5463758B217EC1E80004612E /* dotInputKeyboard */;
			targetProxy = 54637591217EC1E80004612E /* PBXContainerItemProxy */;
		};
/* End PBXTargetDependency section */

/* Begin PBXVariantGroup section */
		5463757A217EC1180004612E /* Main.storyboard */ = {
			isa = PBXVariantGroup;
			children = (
				5463757B217EC1180004612E /* Base */,
			);
			name = Main.storyboard;
			sourceTree = "<group>";
		};
		5463757F217EC1180004612E /* LaunchScreen.storyboard */ = {
			isa = PBXVariantGroup;
			children = (
				54637580217EC1180004612E /* Base */,
			);
			name = LaunchScreen.storyboard;
			sourceTree = "<group>";
		};
/* End PBXVariantGroup section */

/* Begin XCBuildConfiguration section */
		54637583217EC1180004612E /* Debug */ = {
			isa = XCBuildConfiguration;
			buildSettings = {
				ALWAYS_SEARCH_USER_PATHS = NO;
				CLANG_ANALYZER_NONNULL = YES;
				CLANG_ANALYZER_NUMBER_OBJECT_CONVERSION = YES_AGGRESSIVE;
				CLANG_CXX_LANGUAGE_STANDARD = "gnu++14";
				CLANG_CXX_LIBRARY = "libc++";
				CLANG_ENABLE_MODULES = YES;
				CLANG_ENABLE_OBJC_ARC = YES;
				CLANG_ENABLE_OBJC_WEAK = YES;
				CLANG_WARN_BLOCK_CAPTURE_AUTORELEASING = YES;
				CLANG_WARN_BOOL_CONVERSION = YES;
				CLANG_WARN_COMMA = YES;
				CLANG_WARN_CONSTANT_CONVERSION = YES;
				CLANG_WARN_DEPRECATED_OBJC_IMPLEMENTATIONS = YES;
				CLANG_WARN_DIRECT_OBJC_ISA_USAGE = YES_ERROR;
				CLANG_WARN_DOCUMENTATION_COMMENTS = YES;
				CLANG_WARN_EMPTY_BODY = YES;
				CLANG_WARN_ENUM_CONVERSION = YES;
				CLANG_WARN_INFINITE_RECURSION = YES;
				CLANG_WARN_INT_CONVERSION = YES;
				CLANG_WARN_NON_LITERAL_NULL_CONVERSION = YES;
				CLANG_WARN_OBJC_IMPLICIT_RETAIN_SELF = YES;
				CLANG_WARN_OBJC_LITERAL_CONVERSION = YES;
				CLANG_WARN_OBJC_ROOT_CLASS = YES_ERROR;
				CLANG_WARN_RANGE_LOOP_ANALYSIS = YES;
				CLANG_WARN_STRICT_PROTOTYPES = YES;
				CLANG_WARN_SUSPICIOUS_MOVE = YES;
				CLANG_WARN_UNGUARDED_AVAILABILITY = YES_AGGRESSIVE;
				CLANG_WARN_UNREACHABLE_CODE = YES;
				CLANG_WARN__DUPLICATE_METHOD_MATCH = YES;
				CODE_SIGN_IDENTITY = "iPhone Developer";
				COPY_PHASE_STRIP = NO;
				DEBUG_INFORMATION_FORMAT = dwarf;
				ENABLE_STRICT_OBJC_MSGSEND = YES;
				ENABLE_TESTABILITY = YES;
				GCC_C_LANGUAGE_STANDARD = gnu11;
				GCC_DYNAMIC_NO_PIC = NO;
				GCC_NO_COMMON_BLOCKS = YES;
				GCC_OPTIMIZATION_LEVEL = 0;
				GCC_PREPROCESSOR_DEFINITIONS = (
					"DEBUG=1",
					"$(inherited)",
				);
				GCC_WARN_64_TO_32_BIT_CONVERSION = YES;
				GCC_WARN_ABOUT_RETURN_TYPE = YES_ERROR;
				GCC_WARN_UNDECLARED_SELECTOR = YES;
				GCC_WARN_UNINITIALIZED_AUTOS = YES_AGGRESSIVE;
				GCC_WARN_UNUSED_FUNCTION = YES;
				GCC_WARN_UNUSED_VARIABLE = YES;
				IPHONEOS_DEPLOYMENT_TARGET = 8.0;
				MTL_ENABLE_DEBUG_INFO = INCLUDE_SOURCE;
				MTL_FAST_MATH = YES;
				ONLY_ACTIVE_ARCH = YES;
				SDKROOT = iphoneos;
				SWIFT_ACTIVE_COMPILATION_CONDITIONS = DEBUG;
				SWIFT_OPTIMIZATION_LEVEL = "-Onone";
			};
			name = Debug;
		};
		54637584217EC1180004612E /* Release */ = {
			isa = XCBuildConfiguration;
			buildSettings = {
				ALWAYS_SEARCH_USER_PATHS = NO;
				CLANG_ANALYZER_NONNULL = YES;
				CLANG_ANALYZER_NUMBER_OBJECT_CONVERSION = YES_AGGRESSIVE;
				CLANG_CXX_LANGUAGE_STANDARD = "gnu++14";
				CLANG_CXX_LIBRARY = "libc++";
				CLANG_ENABLE_MODULES = YES;
				CLANG_ENABLE_OBJC_ARC = YES;
				CLANG_ENABLE_OBJC_WEAK = YES;
				CLANG_WARN_BLOCK_CAPTURE_AUTORELEASING = YES;
				CLANG_WARN_BOOL_CONVERSION = YES;
				CLANG_WARN_COMMA = YES;
				CLANG_WARN_CONSTANT_CONVERSION = YES;
				CLANG_WARN_DEPRECATED_OBJC_IMPLEMENTATIONS = YES;
				CLANG_WARN_DIRECT_OBJC_ISA_USAGE = YES_ERROR;
				CLANG_WARN_DOCUMENTATION_COMMENTS = YES;
				CLANG_WARN_EMPTY_BODY = YES;
				CLANG_WARN_ENUM_CONVERSION = YES;
				CLANG_WARN_INFINITE_RECURSION = YES;
				CLANG_WARN_INT_CONVERSION = YES;
				CLANG_WARN_NON_LITERAL_NULL_CONVERSION = YES;
				CLANG_WARN_OBJC_IMPLICIT_RETAIN_SELF = YES;
				CLANG_WARN_OBJC_LITERAL_CONVERSION = YES;
				CLANG_WARN_OBJC_ROOT_CLASS = YES_ERROR;
				CLANG_WARN_RANGE_LOOP_ANALYSIS = YES;
				CLANG_WARN_STRICT_PROTOTYPES = YES;
				CLANG_WARN_SUSPICIOUS_MOVE = YES;
				CLANG_WARN_UNGUARDED_AVAILABILITY = YES_AGGRESSIVE;
				CLANG_WARN_UNREACHABLE_CODE = YES;
				CLANG_WARN__DUPLICATE_METHOD_MATCH = YES;
				CODE_SIGN_IDENTITY = "iPhone Developer";
				COPY_PHASE_STRIP = NO;
				DEBUG_INFORMATION_FORMAT = "dwarf-with-dsym";
				ENABLE_NS_ASSERTIONS = NO;
				ENABLE_STRICT_OBJC_MSGSEND = YES;
				GCC_C_LANGUAGE_STANDARD = gnu11;
				GCC_NO_COMMON_BLOCKS = YES;
				GCC_WARN_64_TO_32_BIT_CONVERSION = YES;
				GCC_WARN_ABOUT_RETURN_TYPE = YES_ERROR;
				GCC_WARN_UNDECLARED_SELECTOR = YES;
				GCC_WARN_UNINITIALIZED_AUTOS = YES_AGGRESSIVE;
				GCC_WARN_UNUSED_FUNCTION = YES;
				GCC_WARN_UNUSED_VARIABLE = YES;
				IPHONEOS_DEPLOYMENT_TARGET = 8.0;
				MTL_ENABLE_DEBUG_INFO = NO;
				MTL_FAST_MATH = YES;
				SDKROOT = iphoneos;
				SWIFT_COMPILATION_MODE = wholemodule;
				SWIFT_OPTIMIZATION_LEVEL = "-O";
				VALIDATE_PRODUCT = YES;
			};
			name = Release;
		};
		54637586217EC1180004612E /* Debug */ = {
			isa = XCBuildConfiguration;
			buildSettings = {
				ALWAYS_EMBED_SWIFT_STANDARD_LIBRARIES = YES;
				ASSETCATALOG_COMPILER_APPICON_NAME = AppIcon;
				CODE_SIGN_STYLE = Automatic;
				DEVELOPMENT_TEAM = 8B63XN6ZN2;
				INFOPLIST_FILE = dotInput/Info.plist;
				IPHONEOS_DEPLOYMENT_TARGET = 8.0;
				LD_RUNPATH_SEARCH_PATHS = (
					"$(inherited)",
					"@executable_path/Frameworks",
				);
				PRODUCT_BUNDLE_IDENTIFIER = XZY.dotInput;
				PRODUCT_NAME = "$(TARGET_NAME)";
				SWIFT_VERSION = 4.2;
				TARGETED_DEVICE_FAMILY = "1,2";
			};
			name = Debug;
		};
		54637587217EC1180004612E /* Release */ = {
			isa = XCBuildConfiguration;
			buildSettings = {
				ALWAYS_EMBED_SWIFT_STANDARD_LIBRARIES = YES;
				ASSETCATALOG_COMPILER_APPICON_NAME = AppIcon;
				CODE_SIGN_STYLE = Automatic;
				DEVELOPMENT_TEAM = 8B63XN6ZN2;
				INFOPLIST_FILE = dotInput/Info.plist;
				IPHONEOS_DEPLOYMENT_TARGET = 8.0;
				LD_RUNPATH_SEARCH_PATHS = (
					"$(inherited)",
					"@executable_path/Frameworks",
				);
				PRODUCT_BUNDLE_IDENTIFIER = XZY.dotInput;
				PRODUCT_NAME = "$(TARGET_NAME)";
				SWIFT_VERSION = 4.2;
				TARGETED_DEVICE_FAMILY = "1,2";
			};
			name = Release;
		};
		54637595217EC1E80004612E /* Debug */ = {
			isa = XCBuildConfiguration;
			buildSettings = {
				CODE_SIGN_STYLE = Automatic;
				DEVELOPMENT_TEAM = 8B63XN6ZN2;
				INFOPLIST_FILE = dotInputKeyboard/Info.plist;
				LD_RUNPATH_SEARCH_PATHS = (
					"$(inherited)",
					"@executable_path/Frameworks",
					"@executable_path/../../Frameworks",
				);
				PRODUCT_BUNDLE_IDENTIFIER = XZY.dotInput.dotInputKeyboard;
				PRODUCT_NAME = "$(TARGET_NAME)";
				SKIP_INSTALL = YES;
				SWIFT_VERSION = 4.2;
				TARGETED_DEVICE_FAMILY = "1,2";
			};
			name = Debug;
		};
		54637596217EC1E80004612E /* Release */ = {
			isa = XCBuildConfiguration;
			buildSettings = {
				CODE_SIGN_STYLE = Automatic;
				DEVELOPMENT_TEAM = 8B63XN6ZN2;
				INFOPLIST_FILE = dotInputKeyboard/Info.plist;
				LD_RUNPATH_SEARCH_PATHS = (
					"$(inherited)",
					"@executable_path/Frameworks",
					"@executable_path/../../Frameworks",
				);
				PRODUCT_BUNDLE_IDENTIFIER = XZY.dotInput.dotInputKeyboard;
				PRODUCT_NAME = "$(TARGET_NAME)";
				SKIP_INSTALL = YES;
				SWIFT_VERSION = 4.2;
				TARGETED_DEVICE_FAMILY = "1,2";
			};
			name = Release;
		};
/* End XCBuildConfiguration section */

/* Begin XCConfigurationList section */
		5463756E217EC1180004612E /* Build configuration list for PBXProject "dotInput" */ = {
			isa = XCConfigurationList;
			buildConfigurations = (
				54637583217EC1180004612E /* Debug */,
				54637584217EC1180004612E /* Release */,
			);
			defaultConfigurationIsVisible = 0;
			defaultConfigurationName = Release;
		};
		54637585217EC1180004612E /* Build configuration list for PBXNativeTarget "dotInput" */ = {
			isa = XCConfigurationList;
			buildConfigurations = (
				54637586217EC1180004612E /* Debug */,
				54637587217EC1180004612E /* Release */,
			);
			defaultConfigurationIsVisible = 0;
			defaultConfigurationName = Release;
		};
		54637594217EC1E80004612E /* Build configuration list for PBXNativeTarget "dotInputKeyboard" */ = {
			isa = XCConfigurationList;
			buildConfigurations = (
				54637595217EC1E80004612E /* Debug */,
				54637596217EC1E80004612E /* Release */,
			);
			defaultConfigurationIsVisible = 0;
			defaultConfigurationName = Release;
		};
/* End XCConfigurationList section */
	};
	rootObject = 5463756B217EC1180004612E /* Project object */;
}
